// !$*UTF8*$!
{
	archiveVersion = 1;
	classes = {
	};
	objectVersion = 55;
	objects = {

/* Begin PBXBuildFile section */
		07239F9327BCF8DD0080AFE3 /* FutureNoteApp.swift in Sources */ = {isa = PBXBuildFile; fileRef = 07239F9227BCF8DD0080AFE3 /* FutureNoteApp.swift */; };
		07239F9527BCF8DD0080AFE3 /* ContentView.swift in Sources */ = {isa = PBXBuildFile; fileRef = 07239F9427BCF8DD0080AFE3 /* ContentView.swift */; };
		07239F9727BCF8DD0080AFE3 /* Assets.xcassets in Resources */ = {isa = PBXBuildFile; fileRef = 07239F9627BCF8DD0080AFE3 /* Assets.xcassets */; };
		07239F9A27BCF8DD0080AFE3 /* Preview Assets.xcassets in Resources */ = {isa = PBXBuildFile; fileRef = 07239F9927BCF8DD0080AFE3 /* Preview Assets.xcassets */; };
		072F579527BF7F620047D448 /* ListRowView.swift in Sources */ = {isa = PBXBuildFile; fileRef = 072F579427BF7F620047D448 /* ListRowView.swift */; };
		073171A627C8F14B009FA476 /* NavigationTitleView.swift in Sources */ = {isa = PBXBuildFile; fileRef = 073171A527C8F14B009FA476 /* NavigationTitleView.swift */; };
		073171A827C8F65D009FA476 /* CardView.swift in Sources */ = {isa = PBXBuildFile; fileRef = 073171A727C8F65D009FA476 /* CardView.swift */; };
		0745AD2227C7185B00985F4F /* AddListView.swift in Sources */ = {isa = PBXBuildFile; fileRef = 0745AD2127C7185B00985F4F /* AddListView.swift */; };
		0745AD2427C7649900985F4F /* ListModel.swift in Sources */ = {isa = PBXBuildFile; fileRef = 0745AD2327C7649900985F4F /* ListModel.swift */; };
		0745AD2627C782D100985F4F /* MLTextField.swift in Sources */ = {isa = PBXBuildFile; fileRef = 0745AD2527C782D100985F4F /* MLTextField.swift */; };
		0751489727C88434006D309F /* ListViewModel.swift in Sources */ = {isa = PBXBuildFile; fileRef = 0751489627C88434006D309F /* ListViewModel.swift */; };
		076524D727BDCC130069B7DD /* Extensions.swift in Sources */ = {isa = PBXBuildFile; fileRef = 076524D627BDCC130069B7DD /* Extensions.swift */; };
		076524D927BDDF8A0069B7DD /* MainView.swift in Sources */ = {isa = PBXBuildFile; fileRef = 076524D827BDDF8A0069B7DD /* MainView.swift */; };
		076524DC27BDE3C60069B7DD /* WishView.swift in Sources */ = {isa = PBXBuildFile; fileRef = 076524DB27BDE3C60069B7DD /* WishView.swift */; };
		076524DE27BDE3CB0069B7DD /* ListView.swift in Sources */ = {isa = PBXBuildFile; fileRef = 076524DD27BDE3CB0069B7DD /* ListView.swift */; };
		076524E027BDE84F0069B7DD /* LaunchScreen.swift in Sources */ = {isa = PBXBuildFile; fileRef = 076524DF27BDE84F0069B7DD /* LaunchScreen.swift */; };
		076524E327BE2E4C0069B7DD /* tway_air.ttf in Resources */ = {isa = PBXBuildFile; fileRef = 076524E227BE2E4C0069B7DD /* tway_air.ttf */; };
/* End PBXBuildFile section */

/* Begin PBXFileReference section */
		07239F8F27BCF8DD0080AFE3 /* FutureNote.app */ = {isa = PBXFileReference; explicitFileType = wrapper.application; includeInIndex = 0; path = FutureNote.app; sourceTree = BUILT_PRODUCTS_DIR; };
		07239F9227BCF8DD0080AFE3 /* FutureNoteApp.swift */ = {isa = PBXFileReference; lastKnownFileType = sourcecode.swift; path = FutureNoteApp.swift; sourceTree = "<group>"; };
		07239F9427BCF8DD0080AFE3 /* ContentView.swift */ = {isa = PBXFileReference; lastKnownFileType = sourcecode.swift; path = ContentView.swift; sourceTree = "<group>"; };
		07239F9627BCF8DD0080AFE3 /* Assets.xcassets */ = {isa = PBXFileReference; lastKnownFileType = folder.assetcatalog; path = Assets.xcassets; sourceTree = "<group>"; };
		07239F9927BCF8DD0080AFE3 /* Preview Assets.xcassets */ = {isa = PBXFileReference; lastKnownFileType = folder.assetcatalog; path = "Preview Assets.xcassets"; sourceTree = "<group>"; };
		072F579427BF7F620047D448 /* ListRowView.swift */ = {isa = PBXFileReference; lastKnownFileType = sourcecode.swift; path = ListRowView.swift; sourceTree = "<group>"; };
		073171A527C8F14B009FA476 /* NavigationTitleView.swift */ = {isa = PBXFileReference; lastKnownFileType = sourcecode.swift; path = NavigationTitleView.swift; sourceTree = "<group>"; };
		073171A727C8F65D009FA476 /* CardView.swift */ = {isa = PBXFileReference; lastKnownFileType = sourcecode.swift; path = CardView.swift; sourceTree = "<group>"; };
		0745AD2127C7185B00985F4F /* AddListView.swift */ = {isa = PBXFileReference; lastKnownFileType = sourcecode.swift; path = AddListView.swift; sourceTree = "<group>"; };
		0745AD2327C7649900985F4F /* ListModel.swift */ = {isa = PBXFileReference; lastKnownFileType = sourcecode.swift; path = ListModel.swift; sourceTree = "<group>"; };
		0745AD2527C782D100985F4F /* MLTextField.swift */ = {isa = PBXFileReference; lastKnownFileType = sourcecode.swift; path = MLTextField.swift; sourceTree = "<group>"; };
		0751489627C88434006D309F /* ListViewModel.swift */ = {isa = PBXFileReference; lastKnownFileType = sourcecode.swift; path = ListViewModel.swift; sourceTree = "<group>"; };
		076524D627BDCC130069B7DD /* Extensions.swift */ = {isa = PBXFileReference; lastKnownFileType = sourcecode.swift; path = Extensions.swift; sourceTree = "<group>"; };
		076524D827BDDF8A0069B7DD /* MainView.swift */ = {isa = PBXFileReference; lastKnownFileType = sourcecode.swift; path = MainView.swift; sourceTree = "<group>"; };
		076524DB27BDE3C60069B7DD /* WishView.swift */ = {isa = PBXFileReference; lastKnownFileType = sourcecode.swift; path = WishView.swift; sourceTree = "<group>"; };
		076524DD27BDE3CB0069B7DD /* ListView.swift */ = {isa = PBXFileReference; lastKnownFileType = sourcecode.swift; path = ListView.swift; sourceTree = "<group>"; };
		076524DF27BDE84F0069B7DD /* LaunchScreen.swift */ = {isa = PBXFileReference; lastKnownFileType = sourcecode.swift; path = LaunchScreen.swift; sourceTree = "<group>"; };
		076524E227BE2E4C0069B7DD /* tway_air.ttf */ = {isa = PBXFileReference; lastKnownFileType = file; path = tway_air.ttf; sourceTree = "<group>"; };
		076524E427BE2E6C0069B7DD /* Info.plist */ = {isa = PBXFileReference; lastKnownFileType = text.plist; path = Info.plist; sourceTree = "<group>"; };
/* End PBXFileReference section */

/* Begin PBXFrameworksBuildPhase section */
		07239F8C27BCF8DD0080AFE3 /* Frameworks */ = {
			isa = PBXFrameworksBuildPhase;
			buildActionMask = 2147483647;
			files = (
			);
			runOnlyForDeploymentPostprocessing = 0;
		};
/* End PBXFrameworksBuildPhase section */

/* Begin PBXGroup section */
		07239F8627BCF8DD0080AFE3 = {
			isa = PBXGroup;
			children = (
				07239F9127BCF8DD0080AFE3 /* FutureNote */,
				07239F9027BCF8DD0080AFE3 /* Products */,
			);
			sourceTree = "<group>";
		};
		07239F9027BCF8DD0080AFE3 /* Products */ = {
			isa = PBXGroup;
			children = (
				07239F8F27BCF8DD0080AFE3 /* FutureNote.app */,
			);
			name = Products;
			sourceTree = "<group>";
		};
		07239F9127BCF8DD0080AFE3 /* FutureNote */ = {
			isa = PBXGroup;
			children = (
				076524E127BE2CED0069B7DD /* Fonts */,
				076524E427BE2E6C0069B7DD /* Info.plist */,
				07239F9227BCF8DD0080AFE3 /* FutureNoteApp.swift */,
				076524DF27BDE84F0069B7DD /* LaunchScreen.swift */,
				07239F9427BCF8DD0080AFE3 /* ContentView.swift */,
				076524D527BDCC050069B7DD /* Helpers */,
				07E7130727BF39B800AAE2C1 /* Model */,
				07E7130827BF39BD00AAE2C1 /* ViewModel */,
				076524DA27BDE3B90069B7DD /* Views */,
				072F579327BF7F560047D448 /* SubViews */,
				07239F9627BCF8DD0080AFE3 /* Assets.xcassets */,
				07239F9827BCF8DD0080AFE3 /* Preview Content */,
			);
			path = FutureNote;
			sourceTree = "<group>";
		};
		07239F9827BCF8DD0080AFE3 /* Preview Content */ = {
			isa = PBXGroup;
			children = (
				07239F9927BCF8DD0080AFE3 /* Preview Assets.xcassets */,
			);
			path = "Preview Content";
			sourceTree = "<group>";
		};
		072F579327BF7F560047D448 /* SubViews */ = {
			isa = PBXGroup;
			children = (
				072F579427BF7F620047D448 /* ListRowView.swift */,
				073171A727C8F65D009FA476 /* CardView.swift */,
				0745AD2527C782D100985F4F /* MLTextField.swift */,
				073171A527C8F14B009FA476 /* NavigationTitleView.swift */,
			);
			path = SubViews;
			sourceTree = "<group>";
		};
		076524D527BDCC050069B7DD /* Helpers */ = {
			isa = PBXGroup;
			children = (
				076524D627BDCC130069B7DD /* Extensions.swift */,
			);
			path = Helpers;
			sourceTree = "<group>";
		};
		076524DA27BDE3B90069B7DD /* Views */ = {
			isa = PBXGroup;
			children = (
				076524D827BDDF8A0069B7DD /* MainView.swift */,
				076524DB27BDE3C60069B7DD /* WishView.swift */,
				076524DD27BDE3CB0069B7DD /* ListView.swift */,
				0745AD2127C7185B00985F4F /* AddListView.swift */,
			);
			path = Views;
			sourceTree = "<group>";
		};
		076524E127BE2CED0069B7DD /* Fonts */ = {
			isa = PBXGroup;
			children = (
				076524E227BE2E4C0069B7DD /* tway_air.ttf */,
			);
			path = Fonts;
			sourceTree = "<group>";
		};
		07E7130727BF39B800AAE2C1 /* Model */ = {
			isa = PBXGroup;
			children = (
				0745AD2327C7649900985F4F /* ListModel.swift */,
			);
			path = Model;
			sourceTree = "<group>";
		};
		07E7130827BF39BD00AAE2C1 /* ViewModel */ = {
			isa = PBXGroup;
			children = (
				0751489627C88434006D309F /* ListViewModel.swift */,
			);
			path = ViewModel;
			sourceTree = "<group>";
		};
/* End PBXGroup section */

/* Begin PBXNativeTarget section */
		07239F8E27BCF8DD0080AFE3 /* FutureNote */ = {
			isa = PBXNativeTarget;
			buildConfigurationList = 07239F9D27BCF8DD0080AFE3 /* Build configuration list for PBXNativeTarget "FutureNote" */;
			buildPhases = (
				07239F8B27BCF8DD0080AFE3 /* Sources */,
				07239F8C27BCF8DD0080AFE3 /* Frameworks */,
				07239F8D27BCF8DD0080AFE3 /* Resources */,
			);
			buildRules = (
			);
			dependencies = (
			);
			name = FutureNote;
			productName = FutureNote;
			productReference = 07239F8F27BCF8DD0080AFE3 /* FutureNote.app */;
			productType = "com.apple.product-type.application";
		};
/* End PBXNativeTarget section */

/* Begin PBXProject section */
		07239F8727BCF8DD0080AFE3 /* Project object */ = {
			isa = PBXProject;
			attributes = {
				BuildIndependentTargetsInParallel = 1;
				LastSwiftUpdateCheck = 1320;
				LastUpgradeCheck = 1320;
				TargetAttributes = {
					07239F8E27BCF8DD0080AFE3 = {
						CreatedOnToolsVersion = 13.2.1;
					};
				};
			};
			buildConfigurationList = 07239F8A27BCF8DD0080AFE3 /* Build configuration list for PBXProject "FutureNote" */;
			compatibilityVersion = "Xcode 13.0";
			developmentRegion = en;
			hasScannedForEncodings = 0;
			knownRegions = (
				en,
				Base,
			);
			mainGroup = 07239F8627BCF8DD0080AFE3;
			productRefGroup = 07239F9027BCF8DD0080AFE3 /* Products */;
			projectDirPath = "";
			projectRoot = "";
			targets = (
				07239F8E27BCF8DD0080AFE3 /* FutureNote */,
			);
		};
/* End PBXProject section */

/* Begin PBXResourcesBuildPhase section */
		07239F8D27BCF8DD0080AFE3 /* Resources */ = {
			isa = PBXResourcesBuildPhase;
			buildActionMask = 2147483647;
			files = (
				07239F9A27BCF8DD0080AFE3 /* Preview Assets.xcassets in Resources */,
				076524E327BE2E4C0069B7DD /* tway_air.ttf in Resources */,
				07239F9727BCF8DD0080AFE3 /* Assets.xcassets in Resources */,
			);
			runOnlyForDeploymentPostprocessing = 0;
		};
/* End PBXResourcesBuildPhase section */

/* Begin PBXSourcesBuildPhase section */
		07239F8B27BCF8DD0080AFE3 /* Sources */ = {
			isa = PBXSourcesBuildPhase;
			buildActionMask = 2147483647;
			files = (
				073171A827C8F65D009FA476 /* CardView.swift in Sources */,
				076524E027BDE84F0069B7DD /* LaunchScreen.swift in Sources */,
				076524DC27BDE3C60069B7DD /* WishView.swift in Sources */,
				0751489727C88434006D309F /* ListViewModel.swift in Sources */,
				07239F9527BCF8DD0080AFE3 /* ContentView.swift in Sources */,
				0745AD2627C782D100985F4F /* MLTextField.swift in Sources */,
				073171A627C8F14B009FA476 /* NavigationTitleView.swift in Sources */,
				076524DE27BDE3CB0069B7DD /* ListView.swift in Sources */,
				076524D927BDDF8A0069B7DD /* MainView.swift in Sources */,
				0745AD2227C7185B00985F4F /* AddListView.swift in Sources */,
				076524D727BDCC130069B7DD /* Extensions.swift in Sources */,
				07239F9327BCF8DD0080AFE3 /* FutureNoteApp.swift in Sources */,
				072F579527BF7F620047D448 /* ListRowView.swift in Sources */,
				0745AD2427C7649900985F4F /* ListModel.swift in Sources */,
			);
			runOnlyForDeploymentPostprocessing = 0;
		};
/* End PBXSourcesBuildPhase section */

/* Begin XCBuildConfiguration section */
		07239F9B27BCF8DD0080AFE3 /* Debug */ = {
			isa = XCBuildConfiguration;
			buildSettings = {
				ALWAYS_SEARCH_USER_PATHS = NO;
				CLANG_ANALYZER_NONNULL = YES;
				CLANG_ANALYZER_NUMBER_OBJECT_CONVERSION = YES_AGGRESSIVE;
				CLANG_CXX_LANGUAGE_STANDARD = "gnu++17";
				CLANG_CXX_LIBRARY = "libc++";
				CLANG_ENABLE_MODULES = YES;
				CLANG_ENABLE_OBJC_ARC = YES;
				CLANG_ENABLE_OBJC_WEAK = YES;
				CLANG_WARN_BLOCK_CAPTURE_AUTORELEASING = YES;
				CLANG_WARN_BOOL_CONVERSION = YES;
				CLANG_WARN_COMMA = YES;
				CLANG_WARN_CONSTANT_CONVERSION = YES;
				CLANG_WARN_DEPRECATED_OBJC_IMPLEMENTATIONS = YES;
				CLANG_WARN_DIRECT_OBJC_ISA_USAGE = YES_ERROR;
				CLANG_WARN_DOCUMENTATION_COMMENTS = YES;
				CLANG_WARN_EMPTY_BODY = YES;
				CLANG_WARN_ENUM_CONVERSION = YES;
				CLANG_WARN_INFINITE_RECURSION = YES;
				CLANG_WARN_INT_CONVERSION = YES;
				CLANG_WARN_NON_LITERAL_NULL_CONVERSION = YES;
				CLANG_WARN_OBJC_IMPLICIT_RETAIN_SELF = YES;
				CLANG_WARN_OBJC_LITERAL_CONVERSION = YES;
				CLANG_WARN_OBJC_ROOT_CLASS = YES_ERROR;
				CLANG_WARN_QUOTED_INCLUDE_IN_FRAMEWORK_HEADER = YES;
				CLANG_WARN_RANGE_LOOP_ANALYSIS = YES;
				CLANG_WARN_STRICT_PROTOTYPES = YES;
				CLANG_WARN_SUSPICIOUS_MOVE = YES;
				CLANG_WARN_UNGUARDED_AVAILABILITY = YES_AGGRESSIVE;
				CLANG_WARN_UNREACHABLE_CODE = YES;
				CLANG_WARN__DUPLICATE_METHOD_MATCH = YES;
				COPY_PHASE_STRIP = NO;
				DEBUG_INFORMATION_FORMAT = dwarf;
				ENABLE_STRICT_OBJC_MSGSEND = YES;
				ENABLE_TESTABILITY = YES;
				GCC_C_LANGUAGE_STANDARD = gnu11;
				GCC_DYNAMIC_NO_PIC = NO;
				GCC_NO_COMMON_BLOCKS = YES;
				GCC_OPTIMIZATION_LEVEL = 0;
				GCC_PREPROCESSOR_DEFINITIONS = (
					"DEBUG=1",
					"$(inherited)",
				);
				GCC_WARN_64_TO_32_BIT_CONVERSION = YES;
				GCC_WARN_ABOUT_RETURN_TYPE = YES_ERROR;
				GCC_WARN_UNDECLARED_SELECTOR = YES;
				GCC_WARN_UNINITIALIZED_AUTOS = YES_AGGRESSIVE;
				GCC_WARN_UNUSED_FUNCTION = YES;
				GCC_WARN_UNUSED_VARIABLE = YES;
				IPHONEOS_DEPLOYMENT_TARGET = 15.2;
				MTL_ENABLE_DEBUG_INFO = INCLUDE_SOURCE;
				MTL_FAST_MATH = YES;
				ONLY_ACTIVE_ARCH = YES;
				SDKROOT = iphoneos;
				SWIFT_ACTIVE_COMPILATION_CONDITIONS = DEBUG;
				SWIFT_OPTIMIZATION_LEVEL = "-Onone";
			};
			name = Debug;
		};
		07239F9C27BCF8DD0080AFE3 /* Release */ = {
			isa = XCBuildConfiguration;
			buildSettings = {
				ALWAYS_SEARCH_USER_PATHS = NO;
				CLANG_ANALYZER_NONNULL = YES;
				CLANG_ANALYZER_NUMBER_OBJECT_CONVERSION = YES_AGGRESSIVE;
				CLANG_CXX_LANGUAGE_STANDARD = "gnu++17";
				CLANG_CXX_LIBRARY = "libc++";
				CLANG_ENABLE_MODULES = YES;
				CLANG_ENABLE_OBJC_ARC = YES;
				CLANG_ENABLE_OBJC_WEAK = YES;
				CLANG_WARN_BLOCK_CAPTURE_AUTORELEASING = YES;
				CLANG_WARN_BOOL_CONVERSION = YES;
				CLANG_WARN_COMMA = YES;
				CLANG_WARN_CONSTANT_CONVERSION = YES;
				CLANG_WARN_DEPRECATED_OBJC_IMPLEMENTATIONS = YES;
				CLANG_WARN_DIRECT_OBJC_ISA_USAGE = YES_ERROR;
				CLANG_WARN_DOCUMENTATION_COMMENTS = YES;
				CLANG_WARN_EMPTY_BODY = YES;
				CLANG_WARN_ENUM_CONVERSION = YES;
				CLANG_WARN_INFINITE_RECURSION = YES;
				CLANG_WARN_INT_CONVERSION = YES;
				CLANG_WARN_NON_LITERAL_NULL_CONVERSION = YES;
				CLANG_WARN_OBJC_IMPLICIT_RETAIN_SELF = YES;
				CLANG_WARN_OBJC_LITERAL_CONVERSION = YES;
				CLANG_WARN_OBJC_ROOT_CLASS = YES_ERROR;
				CLANG_WARN_QUOTED_INCLUDE_IN_FRAMEWORK_HEADER = YES;
				CLANG_WARN_RANGE_LOOP_ANALYSIS = YES;
				CLANG_WARN_STRICT_PROTOTYPES = YES;
				CLANG_WARN_SUSPICIOUS_MOVE = YES;
				CLANG_WARN_UNGUARDED_AVAILABILITY = YES_AGGRESSIVE;
				CLANG_WARN_UNREACHABLE_CODE = YES;
				CLANG_WARN__DUPLICATE_METHOD_MATCH = YES;
				COPY_PHASE_STRIP = NO;
				DEBUG_INFORMATION_FORMAT = "dwarf-with-dsym";
				ENABLE_NS_ASSERTIONS = NO;
				ENABLE_STRICT_OBJC_MSGSEND = YES;
				GCC_C_LANGUAGE_STANDARD = gnu11;
				GCC_NO_COMMON_BLOCKS = YES;
				GCC_WARN_64_TO_32_BIT_CONVERSION = YES;
				GCC_WARN_ABOUT_RETURN_TYPE = YES_ERROR;
				GCC_WARN_UNDECLARED_SELECTOR = YES;
				GCC_WARN_UNINITIALIZED_AUTOS = YES_AGGRESSIVE;
				GCC_WARN_UNUSED_FUNCTION = YES;
				GCC_WARN_UNUSED_VARIABLE = YES;
				IPHONEOS_DEPLOYMENT_TARGET = 15.2;
				MTL_ENABLE_DEBUG_INFO = NO;
				MTL_FAST_MATH = YES;
				SDKROOT = iphoneos;
				SWIFT_COMPILATION_MODE = wholemodule;
				SWIFT_OPTIMIZATION_LEVEL = "-O";
				VALIDATE_PRODUCT = YES;
			};
			name = Release;
		};
		07239F9E27BCF8DD0080AFE3 /* Debug */ = {
			isa = XCBuildConfiguration;
			buildSettings = {
				ASSETCATALOG_COMPILER_APPICON_NAME = AppIcon;
				ASSETCATALOG_COMPILER_GLOBAL_ACCENT_COLOR_NAME = AccentColor;
				CODE_SIGN_STYLE = Automatic;
				CURRENT_PROJECT_VERSION = 1;
				DEVELOPMENT_ASSET_PATHS = "\"FutureNote/Preview Content\"";
				DEVELOPMENT_TEAM = 5P89546L9R;
				ENABLE_PREVIEWS = YES;
				GENERATE_INFOPLIST_FILE = YES;
				INFOPLIST_FILE = FutureNote/Info.plist;
				INFOPLIST_KEY_CFBundleDisplayName = "퓨쳐노트";
				INFOPLIST_KEY_UIApplicationSceneManifest_Generation = YES;
				INFOPLIST_KEY_UIApplicationSupportsIndirectInputEvents = YES;
				INFOPLIST_KEY_UILaunchScreen_Generation = YES;
				INFOPLIST_KEY_UISupportedInterfaceOrientations_iPad = "UIInterfaceOrientationPortrait UIInterfaceOrientationPortraitUpsideDown UIInterfaceOrientationLandscapeLeft UIInterfaceOrientationLandscapeRight";
				INFOPLIST_KEY_UISupportedInterfaceOrientations_iPhone = "UIInterfaceOrientationPortrait UIInterfaceOrientationLandscapeLeft UIInterfaceOrientationLandscapeRight";
				IPHONEOS_DEPLOYMENT_TARGET = 15.0;
				LD_RUNPATH_SEARCH_PATHS = (
					"$(inherited)",
					"@executable_path/Frameworks",
				);
				MARKETING_VERSION = 1.0;
				PRODUCT_BUNDLE_IDENTIFIER = milasgarden.FutureNote;
				PRODUCT_NAME = "$(TARGET_NAME)";
				SWIFT_EMIT_LOC_STRINGS = YES;
				SWIFT_VERSION = 5.0;
				TARGETED_DEVICE_FAMILY = "1,2";
			};
			name = Debug;
		};
		07239F9F27BCF8DD0080AFE3 /* Release */ = {
			isa = XCBuildConfiguration;
			buildSettings = {
				ASSETCATALOG_COMPILER_APPICON_NAME = AppIcon;
				ASSETCATALOG_COMPILER_GLOBAL_ACCENT_COLOR_NAME = AccentColor;
				CODE_SIGN_STYLE = Automatic;
				CURRENT_PROJECT_VERSION = 1;
				DEVELOPMENT_ASSET_PATHS = "\"FutureNote/Preview Content\"";
				DEVELOPMENT_TEAM = 5P89546L9R;
				ENABLE_PREVIEWS = YES;
				GENERATE_INFOPLIST_FILE = YES;
				INFOPLIST_FILE = FutureNote/Info.plist;
				INFOPLIST_KEY_CFBundleDisplayName = "퓨쳐노트";
				INFOPLIST_KEY_UIApplicationSceneManifest_Generation = YES;
				INFOPLIST_KEY_UIApplicationSupportsIndirectInputEvents = YES;
				INFOPLIST_KEY_UILaunchScreen_Generation = YES;
				INFOPLIST_KEY_UISupportedInterfaceOrientations_iPad = "UIInterfaceOrientationPortrait UIInterfaceOrientationPortraitUpsideDown UIInterfaceOrientationLandscapeLeft UIInterfaceOrientationLandscapeRight";
				INFOPLIST_KEY_UISupportedInterfaceOrientations_iPhone = "UIInterfaceOrientationPortrait UIInterfaceOrientationLandscapeLeft UIInterfaceOrientationLandscapeRight";
				IPHONEOS_DEPLOYMENT_TARGET = 15.0;
				LD_RUNPATH_SEARCH_PATHS = (
					"$(inherited)",
					"@executable_path/Frameworks",
				);
				MARKETING_VERSION = 1.0;
				PRODUCT_BUNDLE_IDENTIFIER = milasgarden.FutureNote;
				PRODUCT_NAME = "$(TARGET_NAME)";
				SWIFT_EMIT_LOC_STRINGS = YES;
				SWIFT_VERSION = 5.0;
				TARGETED_DEVICE_FAMILY = "1,2";
			};
			name = Release;
		};
/* End XCBuildConfiguration section */

/* Begin XCConfigurationList section */
		07239F8A27BCF8DD0080AFE3 /* Build configuration list for PBXProject "FutureNote" */ = {
			isa = XCConfigurationList;
			buildConfigurations = (
				07239F9B27BCF8DD0080AFE3 /* Debug */,
				07239F9C27BCF8DD0080AFE3 /* Release */,
			);
			defaultConfigurationIsVisible = 0;
			defaultConfigurationName = Release;
		};
		07239F9D27BCF8DD0080AFE3 /* Build configuration list for PBXNativeTarget "FutureNote" */ = {
			isa = XCConfigurationList;
			buildConfigurations = (
				07239F9E27BCF8DD0080AFE3 /* Debug */,
				07239F9F27BCF8DD0080AFE3 /* Release */,
			);
			defaultConfigurationIsVisible = 0;
			defaultConfigurationName = Release;
		};
/* End XCConfigurationList section */
	};
	rootObject = 07239F8727BCF8DD0080AFE3 /* Project object */;
}
